
Microsoft Visual Studio Solution File, Format Version 12.00
# Visual Studio Version 16
VisualStudioVersion = 16.0.37507.1
MinimumVisualStudioVersion = 10.0.40219.1
Project("{FAE04EC0-301F-11D3-BF4B-00C04F79EFBC}") = "VoteAtHome", "VoteAtHome\VoteAtHome.csproj", "{72761739-5FD5-47AD-B8B5-A3C718899B01}"
EndProject
Project("{FAE04EC0-301F-11D3-BF4B-00C04F79EFBC}") = "VotingClient", "VotingClient\VotingClient.csproj", "{44181AFE-CACC-4E27-92EF-586D17F89DB8}"
EndProject
Global
	GlobalSection(SolutionConfigurationPlatforms) = preSolution
		Debug|Any CPU = Debug|Any CPU
		Release|Any CPU = Release|Any CPU
	EndGlobalSection
	GlobalSection(ProjectConfigurationPlatforms) = postSolution
		{72761739-5FD5-47AD-B8B5-A3C718899B01}.Debug|Any CPU.ActiveCfg = Debug|Any CPU
		{72761739-5FD5-47AD-B8B5-A3C718899B01}.Debug|Any CPU.Build.0 = Debug|Any CPU
		{72761739-5FD5-47AD-B8B5-A3C718899B01}.Release|Any CPU.ActiveCfg = Release|Any CPU
		{72761739-5FD5-47AD-B8B5-A3C718899B01}.Release|Any CPU.Build.0 = Release|Any CPU
		{44181AFE-CACC-4E27-92EF-586D17F89DB8}.Debug|Any CPU.ActiveCfg = Debug|Any CPU
		{44181AFE-CACC-4E27-92EF-586D17F89DB8}.Debug|Any CPU.Build.0 = Debug|Any CPU
		{44181AFE-CACC-4E27-92EF-586D17F89DB8}.Release|Any CPU.ActiveCfg = Release|Any CPU
		{44181AFE-CACC-4E27-92EF-586D17F89DB8}.Release|Any CPU.Build.0 = Release|Any CPU
	EndGlobalSection
	GlobalSection(SolutionProperties) = preSolution
		HideSolutionNode = FALSE
	EndGlobalSection
	GlobalSection(ExtensibilityGlobals) = postSolution
		SolutionGuid = {0C32F629-1CF5-49E2-A4BE-14B9816C4B57}
	EndGlobalSection
EndGlobal
